// !$*UTF8*$!
{
	archiveVersion = 1;
	classes = {
	};
	objectVersion = 56;
	objects = {

/* Begin PBXBuildFile section */
		E37922562A24EFE8004018B8 /* AppDelegate.swift in Sources */ = {isa = PBXBuildFile; fileRef = E37922552A24EFE8004018B8 /* AppDelegate.swift */; };
		E37922582A24EFE8004018B8 /* SceneDelegate.swift in Sources */ = {isa = PBXBuildFile; fileRef = E37922572A24EFE8004018B8 /* SceneDelegate.swift */; };
		E379225F2A24EFEA004018B8 /* Assets.xcassets in Resources */ = {isa = PBXBuildFile; fileRef = E379225E2A24EFEA004018B8 /* Assets.xcassets */; };
		E37922622A24EFEA004018B8 /* LaunchScreen.storyboard in Resources */ = {isa = PBXBuildFile; fileRef = E37922602A24EFEA004018B8 /* LaunchScreen.storyboard */; };
		E379226B2A24F131004018B8 /* ScreenCoordinator.swift in Sources */ = {isa = PBXBuildFile; fileRef = E379226A2A24F131004018B8 /* ScreenCoordinator.swift */; };
		E379226D2A24F13D004018B8 /* ScreenViewController.swift in Sources */ = {isa = PBXBuildFile; fileRef = E379226C2A24F13D004018B8 /* ScreenViewController.swift */; };
		E379226F2A24F145004018B8 /* ScreenPresenter.swift in Sources */ = {isa = PBXBuildFile; fileRef = E379226E2A24F145004018B8 /* ScreenPresenter.swift */; };
		E37922712A24F18F004018B8 /* ScreenProtocols.swift in Sources */ = {isa = PBXBuildFile; fileRef = E37922702A24F18F004018B8 /* ScreenProtocols.swift */; };
		E37922742A24FBD7004018B8 /* CodableView.swift in Sources */ = {isa = PBXBuildFile; fileRef = E37922732A24FBD7004018B8 /* CodableView.swift */; };
		E37922772A251168004018B8 /* UIImage+Extensions.swift in Sources */ = {isa = PBXBuildFile; fileRef = E37922762A251168004018B8 /* UIImage+Extensions.swift */; };
		E4259960379D47029CF7C07E /* Pods_CallZap.framework in Frameworks */ = {isa = PBXBuildFile; fileRef = F3E9D073183696BE793ABF61 /* Pods_CallZap.framework */; };
/* End PBXBuildFile section */

/* Begin PBXFileReference section */
		2026CF64CB015179D55CE4E4 /* Pods-CallZap.debug.xcconfig */ = {isa = PBXFileReference; includeInIndex = 1; lastKnownFileType = text.xcconfig; name = "Pods-CallZap.debug.xcconfig"; path = "Target Support Files/Pods-CallZap/Pods-CallZap.debug.xcconfig"; sourceTree = "<group>"; };
		41C2B3A02699E0B2AB0821B9 /* Pods-CallZap.release.xcconfig */ = {isa = PBXFileReference; includeInIndex = 1; lastKnownFileType = text.xcconfig; name = "Pods-CallZap.release.xcconfig"; path = "Target Support Files/Pods-CallZap/Pods-CallZap.release.xcconfig"; sourceTree = "<group>"; };
		E37922522A24EFE8004018B8 /* CallZap.app */ = {isa = PBXFileReference; explicitFileType = wrapper.application; includeInIndex = 0; path = CallZap.app; sourceTree = BUILT_PRODUCTS_DIR; };
		E37922552A24EFE8004018B8 /* AppDelegate.swift */ = {isa = PBXFileReference; lastKnownFileType = sourcecode.swift; path = AppDelegate.swift; sourceTree = "<group>"; };
		E37922572A24EFE8004018B8 /* SceneDelegate.swift */ = {isa = PBXFileReference; lastKnownFileType = sourcecode.swift; path = SceneDelegate.swift; sourceTree = "<group>"; };
		E379225E2A24EFEA004018B8 /* Assets.xcassets */ = {isa = PBXFileReference; lastKnownFileType = folder.assetcatalog; path = Assets.xcassets; sourceTree = "<group>"; };
		E37922612A24EFEA004018B8 /* Base */ = {isa = PBXFileReference; lastKnownFileType = file.storyboard; name = Base; path = Base.lproj/LaunchScreen.storyboard; sourceTree = "<group>"; };
		E37922632A24EFEA004018B8 /* Info.plist */ = {isa = PBXFileReference; lastKnownFileType = text.plist.xml; path = Info.plist; sourceTree = "<group>"; };
		E379226A2A24F131004018B8 /* ScreenCoordinator.swift */ = {isa = PBXFileReference; lastKnownFileType = sourcecode.swift; path = ScreenCoordinator.swift; sourceTree = "<group>"; };
		E379226C2A24F13D004018B8 /* ScreenViewController.swift */ = {isa = PBXFileReference; lastKnownFileType = sourcecode.swift; path = ScreenViewController.swift; sourceTree = "<group>"; };
		E379226E2A24F145004018B8 /* ScreenPresenter.swift */ = {isa = PBXFileReference; lastKnownFileType = sourcecode.swift; path = ScreenPresenter.swift; sourceTree = "<group>"; };
		E37922702A24F18F004018B8 /* ScreenProtocols.swift */ = {isa = PBXFileReference; lastKnownFileType = sourcecode.swift; path = ScreenProtocols.swift; sourceTree = "<group>"; };
		E37922732A24FBD7004018B8 /* CodableView.swift */ = {isa = PBXFileReference; lastKnownFileType = sourcecode.swift; path = CodableView.swift; sourceTree = "<group>"; };
		E37922762A251168004018B8 /* UIImage+Extensions.swift */ = {isa = PBXFileReference; lastKnownFileType = sourcecode.swift; path = "UIImage+Extensions.swift"; sourceTree = "<group>"; };
		F3E9D073183696BE793ABF61 /* Pods_CallZap.framework */ = {isa = PBXFileReference; explicitFileType = wrapper.framework; includeInIndex = 0; path = Pods_CallZap.framework; sourceTree = BUILT_PRODUCTS_DIR; };
/* End PBXFileReference section */

/* Begin PBXFrameworksBuildPhase section */
		E379224F2A24EFE8004018B8 /* Frameworks */ = {
			isa = PBXFrameworksBuildPhase;
			buildActionMask = 2147483647;
			files = (
				E4259960379D47029CF7C07E /* Pods_CallZap.framework in Frameworks */,
			);
			runOnlyForDeploymentPostprocessing = 0;
		};
/* End PBXFrameworksBuildPhase section */

/* Begin PBXGroup section */
		0F4121D883EDCA31BAA0DAA4 /* Pods */ = {
			isa = PBXGroup;
			children = (
				2026CF64CB015179D55CE4E4 /* Pods-CallZap.debug.xcconfig */,
				41C2B3A02699E0B2AB0821B9 /* Pods-CallZap.release.xcconfig */,
			);
			path = Pods;
			sourceTree = "<group>";
		};
		2CD0136BE2DEEBD5F2F39696 /* Frameworks */ = {
			isa = PBXGroup;
			children = (
				F3E9D073183696BE793ABF61 /* Pods_CallZap.framework */,
			);
			name = Frameworks;
			sourceTree = "<group>";
		};
		E37922492A24EFE8004018B8 = {
			isa = PBXGroup;
			children = (
				E37922542A24EFE8004018B8 /* CallZap */,
				E37922532A24EFE8004018B8 /* Products */,
				0F4121D883EDCA31BAA0DAA4 /* Pods */,
				2CD0136BE2DEEBD5F2F39696 /* Frameworks */,
			);
			sourceTree = "<group>";
		};
		E37922532A24EFE8004018B8 /* Products */ = {
			isa = PBXGroup;
			children = (
				E37922522A24EFE8004018B8 /* CallZap.app */,
			);
			name = Products;
			sourceTree = "<group>";
		};
		E37922542A24EFE8004018B8 /* CallZap */ = {
			isa = PBXGroup;
			children = (
				E37922752A251157004018B8 /* Extensions */,
				E37922722A24FBCB004018B8 /* Protocols */,
				E37922692A24F107004018B8 /* Screen */,
				E37922552A24EFE8004018B8 /* AppDelegate.swift */,
				E37922572A24EFE8004018B8 /* SceneDelegate.swift */,
				E379225E2A24EFEA004018B8 /* Assets.xcassets */,
				E37922602A24EFEA004018B8 /* LaunchScreen.storyboard */,
				E37922632A24EFEA004018B8 /* Info.plist */,
			);
			path = CallZap;
			sourceTree = "<group>";
		};
		E37922692A24F107004018B8 /* Screen */ = {
			isa = PBXGroup;
			children = (
				E379226A2A24F131004018B8 /* ScreenCoordinator.swift */,
				E379226C2A24F13D004018B8 /* ScreenViewController.swift */,
				E379226E2A24F145004018B8 /* ScreenPresenter.swift */,
				E37922702A24F18F004018B8 /* ScreenProtocols.swift */,
			);
			path = Screen;
			sourceTree = "<group>";
		};
		E37922722A24FBCB004018B8 /* Protocols */ = {
			isa = PBXGroup;
			children = (
				E37922732A24FBD7004018B8 /* CodableView.swift */,
			);
			path = Protocols;
			sourceTree = "<group>";
		};
		E37922752A251157004018B8 /* Extensions */ = {
			isa = PBXGroup;
			children = (
				E37922762A251168004018B8 /* UIImage+Extensions.swift */,
			);
			path = Extensions;
			sourceTree = "<group>";
		};
/* End PBXGroup section */

/* Begin PBXNativeTarget section */
		E37922512A24EFE8004018B8 /* CallZap */ = {
			isa = PBXNativeTarget;
			buildConfigurationList = E37922662A24EFEA004018B8 /* Build configuration list for PBXNativeTarget "CallZap" */;
			buildPhases = (
				334D340E528879FD6A8DC359 /* [CP] Check Pods Manifest.lock */,
				E379224E2A24EFE8004018B8 /* Sources */,
				E379224F2A24EFE8004018B8 /* Frameworks */,
				E37922502A24EFE8004018B8 /* Resources */,
				55C28760B6202697EB85A987 /* [CP] Embed Pods Frameworks */,
			);
			buildRules = (
			);
			dependencies = (
			);
			name = CallZap;
			productName = CallZap;
			productReference = E37922522A24EFE8004018B8 /* CallZap.app */;
			productType = "com.apple.product-type.application";
		};
/* End PBXNativeTarget section */

/* Begin PBXProject section */
		E379224A2A24EFE8004018B8 /* Project object */ = {
			isa = PBXProject;
			attributes = {
				BuildIndependentTargetsInParallel = 1;
				LastSwiftUpdateCheck = 1430;
				LastUpgradeCheck = 1430;
				TargetAttributes = {
					E37922512A24EFE8004018B8 = {
						CreatedOnToolsVersion = 14.3;
					};
				};
			};
			buildConfigurationList = E379224D2A24EFE8004018B8 /* Build configuration list for PBXProject "CallZap" */;
			compatibilityVersion = "Xcode 14.0";
			developmentRegion = en;
			hasScannedForEncodings = 0;
			knownRegions = (
				en,
				Base,
			);
			mainGroup = E37922492A24EFE8004018B8;
			productRefGroup = E37922532A24EFE8004018B8 /* Products */;
			projectDirPath = "";
			projectRoot = "";
			targets = (
				E37922512A24EFE8004018B8 /* CallZap */,
			);
		};
/* End PBXProject section */

/* Begin PBXResourcesBuildPhase section */
		E37922502A24EFE8004018B8 /* Resources */ = {
			isa = PBXResourcesBuildPhase;
			buildActionMask = 2147483647;
			files = (
				E37922622A24EFEA004018B8 /* LaunchScreen.storyboard in Resources */,
				E379225F2A24EFEA004018B8 /* Assets.xcassets in Resources */,
			);
			runOnlyForDeploymentPostprocessing = 0;
		};
/* End PBXResourcesBuildPhase section */

/* Begin PBXShellScriptBuildPhase section */
		334D340E528879FD6A8DC359 /* [CP] Check Pods Manifest.lock */ = {
			isa = PBXShellScriptBuildPhase;
			buildActionMask = 2147483647;
			files = (
			);
			inputFileListPaths = (
			);
			inputPaths = (
				"${PODS_PODFILE_DIR_PATH}/Podfile.lock",
				"${PODS_ROOT}/Manifest.lock",
			);
			name = "[CP] Check Pods Manifest.lock";
			outputFileListPaths = (
			);
			outputPaths = (
				"$(DERIVED_FILE_DIR)/Pods-CallZap-checkManifestLockResult.txt",
			);
			runOnlyForDeploymentPostprocessing = 0;
			shellPath = /bin/sh;
			shellScript = "diff \"${PODS_PODFILE_DIR_PATH}/Podfile.lock\" \"${PODS_ROOT}/Manifest.lock\" > /dev/null\nif [ $? != 0 ] ; then\n    # print error to STDERR\n    echo \"error: The sandbox is not in sync with the Podfile.lock. Run 'pod install' or update your CocoaPods installation.\" >&2\n    exit 1\nfi\n# This output is used by Xcode 'outputs' to avoid re-running this script phase.\necho \"SUCCESS\" > \"${SCRIPT_OUTPUT_FILE_0}\"\n";
			showEnvVarsInLog = 0;
		};
		55C28760B6202697EB85A987 /* [CP] Embed Pods Frameworks */ = {
			isa = PBXShellScriptBuildPhase;
			buildActionMask = 2147483647;
			files = (
			);
			inputFileListPaths = (
				"${PODS_ROOT}/Target Support Files/Pods-CallZap/Pods-CallZap-frameworks-${CONFIGURATION}-input-files.xcfilelist",
			);
			name = "[CP] Embed Pods Frameworks";
			outputFileListPaths = (
				"${PODS_ROOT}/Target Support Files/Pods-CallZap/Pods-CallZap-frameworks-${CONFIGURATION}-output-files.xcfilelist",
			);
			runOnlyForDeploymentPostprocessing = 0;
			shellPath = /bin/sh;
			shellScript = "\"${PODS_ROOT}/Target Support Files/Pods-CallZap/Pods-CallZap-frameworks.sh\"\n";
			showEnvVarsInLog = 0;
		};
/* End PBXShellScriptBuildPhase section */

/* Begin PBXSourcesBuildPhase section */
		E379224E2A24EFE8004018B8 /* Sources */ = {
			isa = PBXSourcesBuildPhase;
			buildActionMask = 2147483647;
			files = (
				E379226F2A24F145004018B8 /* ScreenPresenter.swift in Sources */,
				E37922742A24FBD7004018B8 /* CodableView.swift in Sources */,
				E37922562A24EFE8004018B8 /* AppDelegate.swift in Sources */,
				E379226D2A24F13D004018B8 /* ScreenViewController.swift in Sources */,
				E379226B2A24F131004018B8 /* ScreenCoordinator.swift in Sources */,
				E37922772A251168004018B8 /* UIImage+Extensions.swift in Sources */,
				E37922712A24F18F004018B8 /* ScreenProtocols.swift in Sources */,
				E37922582A24EFE8004018B8 /* SceneDelegate.swift in Sources */,
			);
			runOnlyForDeploymentPostprocessing = 0;
		};
/* End PBXSourcesBuildPhase section */

/* Begin PBXVariantGroup section */
		E37922602A24EFEA004018B8 /* LaunchScreen.storyboard */ = {
			isa = PBXVariantGroup;
			children = (
				E37922612A24EFEA004018B8 /* Base */,
			);
			name = LaunchScreen.storyboard;
			sourceTree = "<group>";
		};
/* End PBXVariantGroup section */

/* Begin XCBuildConfiguration section */
		E37922642A24EFEA004018B8 /* Debug */ = {
			isa = XCBuildConfiguration;
			buildSettings = {
				ALWAYS_SEARCH_USER_PATHS = NO;
				CLANG_ANALYZER_NONNULL = YES;
				CLANG_ANALYZER_NUMBER_OBJECT_CONVERSION = YES_AGGRESSIVE;
				CLANG_CXX_LANGUAGE_STANDARD = "gnu++20";
				CLANG_ENABLE_MODULES = YES;
				CLANG_ENABLE_OBJC_ARC = YES;
				CLANG_ENABLE_OBJC_WEAK = YES;
				CLANG_WARN_BLOCK_CAPTURE_AUTORELEASING = YES;
				CLANG_WARN_BOOL_CONVERSION = YES;
				CLANG_WARN_COMMA = YES;
				CLANG_WARN_CONSTANT_CONVERSION = YES;
				CLANG_WARN_DEPRECATED_OBJC_IMPLEMENTATIONS = YES;
				CLANG_WARN_DIRECT_OBJC_ISA_USAGE = YES_ERROR;
				CLANG_WARN_DOCUMENTATION_COMMENTS = YES;
				CLANG_WARN_EMPTY_BODY = YES;
				CLANG_WARN_ENUM_CONVERSION = YES;
				CLANG_WARN_INFINITE_RECURSION = YES;
				CLANG_WARN_INT_CONVERSION = YES;
				CLANG_WARN_NON_LITERAL_NULL_CONVERSION = YES;
				CLANG_WARN_OBJC_IMPLICIT_RETAIN_SELF = YES;
				CLANG_WARN_OBJC_LITERAL_CONVERSION = YES;
				CLANG_WARN_OBJC_ROOT_CLASS = YES_ERROR;
				CLANG_WARN_QUOTED_INCLUDE_IN_FRAMEWORK_HEADER = YES;
				CLANG_WARN_RANGE_LOOP_ANALYSIS = YES;
				CLANG_WARN_STRICT_PROTOTYPES = YES;
				CLANG_WARN_SUSPICIOUS_MOVE = YES;
				CLANG_WARN_UNGUARDED_AVAILABILITY = YES_AGGRESSIVE;
				CLANG_WARN_UNREACHABLE_CODE = YES;
				CLANG_WARN__DUPLICATE_METHOD_MATCH = YES;
				COPY_PHASE_STRIP = NO;
				DEBUG_INFORMATION_FORMAT = dwarf;
				ENABLE_STRICT_OBJC_MSGSEND = YES;
				ENABLE_TESTABILITY = YES;
				GCC_C_LANGUAGE_STANDARD = gnu11;
				GCC_DYNAMIC_NO_PIC = NO;
				GCC_NO_COMMON_BLOCKS = YES;
				GCC_OPTIMIZATION_LEVEL = 0;
				GCC_PREPROCESSOR_DEFINITIONS = (
					"DEBUG=1",
					"$(inherited)",
				);
				GCC_WARN_64_TO_32_BIT_CONVERSION = YES;
				GCC_WARN_ABOUT_RETURN_TYPE = YES_ERROR;
				GCC_WARN_UNDECLARED_SELECTOR = YES;
				GCC_WARN_UNINITIALIZED_AUTOS = YES_AGGRESSIVE;
				GCC_WARN_UNUSED_FUNCTION = YES;
				GCC_WARN_UNUSED_VARIABLE = YES;
				IPHONEOS_DEPLOYMENT_TARGET = 16.4;
				MTL_ENABLE_DEBUG_INFO = INCLUDE_SOURCE;
				MTL_FAST_MATH = YES;
				ONLY_ACTIVE_ARCH = YES;
				SDKROOT = iphoneos;
				SWIFT_ACTIVE_COMPILATION_CONDITIONS = DEBUG;
				SWIFT_OPTIMIZATION_LEVEL = "-Onone";
			};
			name = Debug;
		};
		E37922652A24EFEA004018B8 /* Release */ = {
			isa = XCBuildConfiguration;
			buildSettings = {
				ALWAYS_SEARCH_USER_PATHS = NO;
				CLANG_ANALYZER_NONNULL = YES;
				CLANG_ANALYZER_NUMBER_OBJECT_CONVERSION = YES_AGGRESSIVE;
				CLANG_CXX_LANGUAGE_STANDARD = "gnu++20";
				CLANG_ENABLE_MODULES = YES;
				CLANG_ENABLE_OBJC_ARC = YES;
				CLANG_ENABLE_OBJC_WEAK = YES;
				CLANG_WARN_BLOCK_CAPTURE_AUTORELEASING = YES;
				CLANG_WARN_BOOL_CONVERSION = YES;
				CLANG_WARN_COMMA = YES;
				CLANG_WARN_CONSTANT_CONVERSION = YES;
				CLANG_WARN_DEPRECATED_OBJC_IMPLEMENTATIONS = YES;
				CLANG_WARN_DIRECT_OBJC_ISA_USAGE = YES_ERROR;
				CLANG_WARN_DOCUMENTATION_COMMENTS = YES;
				CLANG_WARN_EMPTY_BODY = YES;
				CLANG_WARN_ENUM_CONVERSION = YES;
				CLANG_WARN_INFINITE_RECURSION = YES;
				CLANG_WARN_INT_CONVERSION = YES;
				CLANG_WARN_NON_LITERAL_NULL_CONVERSION = YES;
				CLANG_WARN_OBJC_IMPLICIT_RETAIN_SELF = YES;
				CLANG_WARN_OBJC_LITERAL_CONVERSION = YES;
				CLANG_WARN_OBJC_ROOT_CLASS = YES_ERROR;
				CLANG_WARN_QUOTED_INCLUDE_IN_FRAMEWORK_HEADER = YES;
				CLANG_WARN_RANGE_LOOP_ANALYSIS = YES;
				CLANG_WARN_STRICT_PROTOTYPES = YES;
				CLANG_WARN_SUSPICIOUS_MOVE = YES;
				CLANG_WARN_UNGUARDED_AVAILABILITY = YES_AGGRESSIVE;
				CLANG_WARN_UNREACHABLE_CODE = YES;
				CLANG_WARN__DUPLICATE_METHOD_MATCH = YES;
				COPY_PHASE_STRIP = NO;
				DEBUG_INFORMATION_FORMAT = "dwarf-with-dsym";
				ENABLE_NS_ASSERTIONS = NO;
				ENABLE_STRICT_OBJC_MSGSEND = YES;
				GCC_C_LANGUAGE_STANDARD = gnu11;
				GCC_NO_COMMON_BLOCKS = YES;
				GCC_WARN_64_TO_32_BIT_CONVERSION = YES;
				GCC_WARN_ABOUT_RETURN_TYPE = YES_ERROR;
				GCC_WARN_UNDECLARED_SELECTOR = YES;
				GCC_WARN_UNINITIALIZED_AUTOS = YES_AGGRESSIVE;
				GCC_WARN_UNUSED_FUNCTION = YES;
				GCC_WARN_UNUSED_VARIABLE = YES;
				IPHONEOS_DEPLOYMENT_TARGET = 16.4;
				MTL_ENABLE_DEBUG_INFO = NO;
				MTL_FAST_MATH = YES;
				SDKROOT = iphoneos;
				SWIFT_COMPILATION_MODE = wholemodule;
				SWIFT_OPTIMIZATION_LEVEL = "-O";
				VALIDATE_PRODUCT = YES;
			};
			name = Release;
		};
		E37922672A24EFEA004018B8 /* Debug */ = {
			isa = XCBuildConfiguration;
			baseConfigurationReference = 2026CF64CB015179D55CE4E4 /* Pods-CallZap.debug.xcconfig */;
			buildSettings = {
				ASSETCATALOG_COMPILER_APPICON_NAME = AppIcon;
				ASSETCATALOG_COMPILER_GLOBAL_ACCENT_COLOR_NAME = AccentColor;
				CODE_SIGN_STYLE = Automatic;
				CURRENT_PROJECT_VERSION = 1;
				DEVELOPMENT_TEAM = H9KRURR9GU;
				GENERATE_INFOPLIST_FILE = YES;
				INFOPLIST_FILE = CallZap/Info.plist;
				INFOPLIST_KEY_UIApplicationSupportsIndirectInputEvents = YES;
				INFOPLIST_KEY_UILaunchStoryboardName = LaunchScreen;
				INFOPLIST_KEY_UISupportedInterfaceOrientations_iPad = "UIInterfaceOrientationPortrait UIInterfaceOrientationPortraitUpsideDown UIInterfaceOrientationLandscapeLeft UIInterfaceOrientationLandscapeRight";
				INFOPLIST_KEY_UISupportedInterfaceOrientations_iPhone = "UIInterfaceOrientationPortrait UIInterfaceOrientationLandscapeLeft UIInterfaceOrientationLandscapeRight";
				IPHONEOS_DEPLOYMENT_TARGET = 15;
				LD_RUNPATH_SEARCH_PATHS = (
					"$(inherited)",
					"@executable_path/Frameworks",
				);
				MARKETING_VERSION = 1.0;
				PRODUCT_BUNDLE_IDENTIFIER = fabricio.CallZap;
				PRODUCT_NAME = "$(TARGET_NAME)";
				SWIFT_EMIT_LOC_STRINGS = YES;
				SWIFT_VERSION = 5.0;
				TARGETED_DEVICE_FAMILY = "1,2";
			};
			name = Debug;
		};
		E37922682A24EFEA004018B8 /* Release */ = {
			isa = XCBuildConfiguration;
			baseConfigurationReference = 41C2B3A02699E0B2AB0821B9 /* Pods-CallZap.release.xcconfig */;
			buildSettings = {
				ASSETCATALOG_COMPILER_APPICON_NAME = AppIcon;
				ASSETCATALOG_COMPILER_GLOBAL_ACCENT_COLOR_NAME = AccentColor;
				CODE_SIGN_STYLE = Automatic;
				CURRENT_PROJECT_VERSION = 1;
				DEVELOPMENT_TEAM = H9KRURR9GU;
				GENERATE_INFOPLIST_FILE = YES;
				INFOPLIST_FILE = CallZap/Info.plist;
				INFOPLIST_KEY_UIApplicationSupportsIndirectInputEvents = YES;
				INFOPLIST_KEY_UILaunchStoryboardName = LaunchScreen;
				INFOPLIST_KEY_UISupportedInterfaceOrientations_iPad = "UIInterfaceOrientationPortrait UIInterfaceOrientationPortraitUpsideDown UIInterfaceOrientationLandscapeLeft UIInterfaceOrientationLandscapeRight";
				INFOPLIST_KEY_UISupportedInterfaceOrientations_iPhone = "UIInterfaceOrientationPortrait UIInterfaceOrientationLandscapeLeft UIInterfaceOrientationLandscapeRight";
				IPHONEOS_DEPLOYMENT_TARGET = 15;
				LD_RUNPATH_SEARCH_PATHS = (
					"$(inherited)",
					"@executable_path/Frameworks",
				);
				MARKETING_VERSION = 1.0;
				PRODUCT_BUNDLE_IDENTIFIER = fabricio.CallZap;
				PRODUCT_NAME = "$(TARGET_NAME)";
				SWIFT_EMIT_LOC_STRINGS = YES;
				SWIFT_VERSION = 5.0;
				TARGETED_DEVICE_FAMILY = "1,2";
			};
			name = Release;
		};
/* End XCBuildConfiguration section */

/* Begin XCConfigurationList section */
		E379224D2A24EFE8004018B8 /* Build configuration list for PBXProject "CallZap" */ = {
			isa = XCConfigurationList;
			buildConfigurations = (
				E37922642A24EFEA004018B8 /* Debug */,
				E37922652A24EFEA004018B8 /* Release */,
			);
			defaultConfigurationIsVisible = 0;
			defaultConfigurationName = Release;
		};
		E37922662A24EFEA004018B8 /* Build configuration list for PBXNativeTarget "CallZap" */ = {
			isa = XCConfigurationList;
			buildConfigurations = (
				E37922672A24EFEA004018B8 /* Debug */,
				E37922682A24EFEA004018B8 /* Release */,
			);
			defaultConfigurationIsVisible = 0;
			defaultConfigurationName = Release;
		};
/* End XCConfigurationList section */
	};
	rootObject = E379224A2A24EFE8004018B8 /* Project object */;
}
